
Microsoft Visual Studio Solution File, Format Version 12.00
# Visual Studio Version 17
VisualStudioVersion = 17.9.34723.18
MinimumVisualStudioVersion = 10.0.40219.1
Project("{FAE04EC0-301F-11D3-BF4B-00C04F79EFBC}") = "Buiscuiterie", "Biscuits\Buiscuiterie.csproj", "{658A8B77-1138-47A1-A055-96F7C435DF0B}"
EndProject
Global
	GlobalSection(SolutionConfigurationPlatforms) = preSolution
		Debug|Any CPU = Debug|Any CPU
		Release|Any CPU = Release|Any CPU
	EndGlobalSection
	GlobalSection(ProjectConfigurationPlatforms) = postSolution
		{658A8B77-1138-47A1-A055-96F7C435DF0B}.Debug|Any CPU.ActiveCfg = Debug|Any CPU
		{658A8B77-1138-47A1-A055-96F7C435DF0B}.Debug|Any CPU.Build.0 = Debug|Any CPU
		{658A8B77-1138-47A1-A055-96F7C435DF0B}.Release|Any CPU.ActiveCfg = Release|Any CPU
		{658A8B77-1138-47A1-A055-96F7C435DF0B}.Release|Any CPU.Build.0 = Release|Any CPU
	EndGlobalSection
	GlobalSection(SolutionProperties) = preSolution
		HideSolutionNode = FALSE
	EndGlobalSection
	GlobalSection(ExtensibilityGlobals) = postSolution
		SolutionGuid = {87CD33C3-AC46-40E3-823E-50F24052E96E}
	EndGlobalSection
EndGlobal
